// !$*UTF8*$!
{
	archiveVersion = 1;
	classes = {
	};
	objectVersion = 46;
	objects = {

/* Begin PBXBuildFile section */
		4D1FA77116D2CA9F00B9008B /* http.c in Sources */ = {isa = PBXBuildFile; fileRef = 4D1FA77016D2CA9F00B9008B /* http.c */; };
		4D1FA77716D3632700B9008B /* json.c in Sources */ = {isa = PBXBuildFile; fileRef = 4D1FA77616D3632700B9008B /* json.c */; };
		4D46931716D402D3003755EC /* md5.c in Sources */ = {isa = PBXBuildFile; fileRef = 4D46931516D402D3003755EC /* md5.c */; };
		4D46931E16D41A50003755EC /* hash.c in Sources */ = {isa = PBXBuildFile; fileRef = 4D46931D16D41A50003755EC /* hash.c */; };
		4D631D4616FC4122001E2BD0 /* libsqlite3.dylib in Frameworks */ = {isa = PBXBuildFile; fileRef = 4D631D4516FC4122001E2BD0 /* libsqlite3.dylib */; };
		4D631D4A16FC4379001E2BD0 /* db.c in Sources */ = {isa = PBXBuildFile; fileRef = 4D631D4916FC4379001E2BD0 /* db.c */; };
		4D631D4D16FC4454001E2BD0 /* sql.c in Sources */ = {isa = PBXBuildFile; fileRef = 4D631D4C16FC4454001E2BD0 /* sql.c */; };
		4D6F3AB316CFE05000557DC1 /* main.c in Sources */ = {isa = PBXBuildFile; fileRef = 4D6F3AB216CFE05000557DC1 /* main.c */; };
		4D6F3AB516CFE05000557DC1 /* AtratoCLI.1 in CopyFiles */ = {isa = PBXBuildFile; fileRef = 4D6F3AB416CFE05000557DC1 /* AtratoCLI.1 */; };
		4D6F3ABC16CFE12200557DC1 /* libcurl.dylib in Frameworks */ = {isa = PBXBuildFile; fileRef = 4D6F3ABB16CFE12200557DC1 /* libcurl.dylib */; };
		4D6F3ABF16CFE30400557DC1 /* jsmn.c in Sources */ = {isa = PBXBuildFile; fileRef = 4D6F3ABD16CFE30400557DC1 /* jsmn.c */; };
		4D7D95A116D604DA003085ED /* api.c in Sources */ = {isa = PBXBuildFile; fileRef = 4D7D95A016D604DA003085ED /* api.c */; };
		4DD6D09916EB9B1B00B23F46 /* strutils.c in Sources */ = {isa = PBXBuildFile; fileRef = 4DD6D09816EB9B1B00B23F46 /* strutils.c */; };
/* End PBXBuildFile section */

/* Begin PBXCopyFilesBuildPhase section */
		4D6F3AAC16CFE05000557DC1 /* CopyFiles */ = {
			isa = PBXCopyFilesBuildPhase;
			buildActionMask = 2147483647;
			dstPath = /usr/share/man/man1/;
			dstSubfolderSpec = 0;
			files = (
				4D6F3AB516CFE05000557DC1 /* AtratoCLI.1 in CopyFiles */,
			);
			runOnlyForDeploymentPostprocessing = 1;
		};
/* End PBXCopyFilesBuildPhase section */

/* Begin PBXFileReference section */
		4D1FA76F16D2CA9200B9008B /* http.h */ = {isa = PBXFileReference; fileEncoding = 4; lastKnownFileType = sourcecode.c.h; path = http.h; sourceTree = "<group>"; };
		4D1FA77016D2CA9F00B9008B /* http.c */ = {isa = PBXFileReference; fileEncoding = 4; lastKnownFileType = sourcecode.c.c; path = http.c; sourceTree = "<group>"; };
		4D1FA77516D362CE00B9008B /* json.h */ = {isa = PBXFileReference; fileEncoding = 4; lastKnownFileType = sourcecode.c.h; path = json.h; sourceTree = "<group>"; };
		4D1FA77616D3632700B9008B /* json.c */ = {isa = PBXFileReference; fileEncoding = 4; lastKnownFileType = sourcecode.c.c; path = json.c; sourceTree = "<group>"; };
		4D46931516D402D3003755EC /* md5.c */ = {isa = PBXFileReference; fileEncoding = 4; lastKnownFileType = sourcecode.c.c; path = md5.c; sourceTree = "<group>"; };
		4D46931616D402D3003755EC /* md5.h */ = {isa = PBXFileReference; fileEncoding = 4; lastKnownFileType = sourcecode.c.h; path = md5.h; sourceTree = "<group>"; };
		4D46931916D4046B003755EC /* config.h */ = {isa = PBXFileReference; fileEncoding = 4; lastKnownFileType = sourcecode.c.h; path = config.h; sourceTree = "<group>"; };
		4D46931B16D41726003755EC /* global.h */ = {isa = PBXFileReference; fileEncoding = 4; lastKnownFileType = sourcecode.c.h; path = global.h; sourceTree = "<group>"; };
		4D46931C16D41A46003755EC /* hash.h */ = {isa = PBXFileReference; fileEncoding = 4; lastKnownFileType = sourcecode.c.h; path = hash.h; sourceTree = "<group>"; };
		4D46931D16D41A50003755EC /* hash.c */ = {isa = PBXFileReference; fileEncoding = 4; lastKnownFileType = sourcecode.c.c; path = hash.c; sourceTree = "<group>"; };
		4D631D4516FC4122001E2BD0 /* libsqlite3.dylib */ = {isa = PBXFileReference; lastKnownFileType = "compiled.mach-o.dylib"; name = libsqlite3.dylib; path = usr/lib/libsqlite3.dylib; sourceTree = SDKROOT; };
		4D631D4816FC4371001E2BD0 /* db.h */ = {isa = PBXFileReference; fileEncoding = 4; lastKnownFileType = sourcecode.c.h; path = db.h; sourceTree = "<group>"; };
		4D631D4916FC4379001E2BD0 /* db.c */ = {isa = PBXFileReference; fileEncoding = 4; lastKnownFileType = sourcecode.c.c; path = db.c; sourceTree = "<group>"; };
		4D631D4B16FC444D001E2BD0 /* sql.h */ = {isa = PBXFileReference; fileEncoding = 4; lastKnownFileType = sourcecode.c.h; path = sql.h; sourceTree = "<group>"; };
		4D631D4C16FC4454001E2BD0 /* sql.c */ = {isa = PBXFileReference; fileEncoding = 4; lastKnownFileType = sourcecode.c.c; path = sql.c; sourceTree = "<group>"; };
		4D6F3AAE16CFE05000557DC1 /* aci */ = {isa = PBXFileReference; explicitFileType = "compiled.mach-o.executable"; includeInIndex = 0; path = aci; sourceTree = BUILT_PRODUCTS_DIR; };
		4D6F3AB216CFE05000557DC1 /* main.c */ = {isa = PBXFileReference; lastKnownFileType = sourcecode.c.c; path = main.c; sourceTree = "<group>"; };
		4D6F3AB416CFE05000557DC1 /* AtratoCLI.1 */ = {isa = PBXFileReference; lastKnownFileType = text.man; path = AtratoCLI.1; sourceTree = "<group>"; };
		4D6F3ABB16CFE12200557DC1 /* libcurl.dylib */ = {isa = PBXFileReference; lastKnownFileType = "compiled.mach-o.dylib"; name = libcurl.dylib; path = usr/lib/libcurl.dylib; sourceTree = SDKROOT; };
		4D6F3ABD16CFE30400557DC1 /* jsmn.c */ = {isa = PBXFileReference; fileEncoding = 4; lastKnownFileType = sourcecode.c.c; path = jsmn.c; sourceTree = "<group>"; };
		4D6F3ABE16CFE30400557DC1 /* jsmn.h */ = {isa = PBXFileReference; fileEncoding = 4; lastKnownFileType = sourcecode.c.h; path = jsmn.h; sourceTree = "<group>"; };
		4D7D959E16D604D2003085ED /* api.h */ = {isa = PBXFileReference; fileEncoding = 4; lastKnownFileType = sourcecode.c.h; path = api.h; sourceTree = "<group>"; };
		4D7D95A016D604DA003085ED /* api.c */ = {isa = PBXFileReference; fileEncoding = 4; lastKnownFileType = sourcecode.c.c; path = api.c; sourceTree = "<group>"; };
		4DD6D09816EB9B1B00B23F46 /* strutils.c */ = {isa = PBXFileReference; fileEncoding = 4; lastKnownFileType = sourcecode.c.c; path = strutils.c; sourceTree = "<group>"; };
		4DD6D09A16EBB11F00B23F46 /* strutils.h */ = {isa = PBXFileReference; fileEncoding = 4; lastKnownFileType = sourcecode.c.h; path = strutils.h; sourceTree = "<group>"; };
/* End PBXFileReference section */

/* Begin PBXFrameworksBuildPhase section */
		4D6F3AAB16CFE05000557DC1 /* Frameworks */ = {
			isa = PBXFrameworksBuildPhase;
			buildActionMask = 2147483647;
			files = (
				4D631D4616FC4122001E2BD0 /* libsqlite3.dylib in Frameworks */,
				4D6F3ABC16CFE12200557DC1 /* libcurl.dylib in Frameworks */,
			);
			runOnlyForDeploymentPostprocessing = 0;
		};
/* End PBXFrameworksBuildPhase section */

/* Begin PBXGroup section */
		4D6F3AA316CFE05000557DC1 = {
			isa = PBXGroup;
			children = (
				4D631D4516FC4122001E2BD0 /* libsqlite3.dylib */,
				4D6F3ABB16CFE12200557DC1 /* libcurl.dylib */,
				4D6F3AB116CFE05000557DC1 /* AtratoCLI */,
				4D6F3AAF16CFE05000557DC1 /* Products */,
			);
			sourceTree = "<group>";
		};
		4D6F3AAF16CFE05000557DC1 /* Products */ = {
			isa = PBXGroup;
			children = (
				4D6F3AAE16CFE05000557DC1 /* aci */,
			);
			name = Products;
			sourceTree = "<group>";
		};
		4D6F3AB116CFE05000557DC1 /* AtratoCLI */ = {
			isa = PBXGroup;
			children = (
				4D46931916D4046B003755EC /* config.h */,
				4D46931516D402D3003755EC /* md5.c */,
				4D46931616D402D3003755EC /* md5.h */,
				4D6F3ABD16CFE30400557DC1 /* jsmn.c */,
				4D6F3ABE16CFE30400557DC1 /* jsmn.h */,
				4D6F3AB216CFE05000557DC1 /* main.c */,
				4D6F3AB416CFE05000557DC1 /* AtratoCLI.1 */,
				4D1FA76F16D2CA9200B9008B /* http.h */,
				4D1FA77016D2CA9F00B9008B /* http.c */,
				4D1FA77516D362CE00B9008B /* json.h */,
				4D1FA77616D3632700B9008B /* json.c */,
				4D46931B16D41726003755EC /* global.h */,
				4D46931C16D41A46003755EC /* hash.h */,
				4D46931D16D41A50003755EC /* hash.c */,
				4D7D959E16D604D2003085ED /* api.h */,
				4D7D95A016D604DA003085ED /* api.c */,
				4DD6D09816EB9B1B00B23F46 /* strutils.c */,
				4DD6D09A16EBB11F00B23F46 /* strutils.h */,
				4D631D4816FC4371001E2BD0 /* db.h */,
				4D631D4916FC4379001E2BD0 /* db.c */,
				4D631D4B16FC444D001E2BD0 /* sql.h */,
				4D631D4C16FC4454001E2BD0 /* sql.c */,
			);
			path = AtratoCLI;
			sourceTree = "<group>";
		};
/* End PBXGroup section */

/* Begin PBXNativeTarget section */
		4D6F3AAD16CFE05000557DC1 /* AtratoCLI */ = {
			isa = PBXNativeTarget;
			buildConfigurationList = 4D6F3AB816CFE05000557DC1 /* Build configuration list for PBXNativeTarget "AtratoCLI" */;
			buildPhases = (
				4D6F3AAA16CFE05000557DC1 /* Sources */,
				4D6F3AAB16CFE05000557DC1 /* Frameworks */,
				4D6F3AAC16CFE05000557DC1 /* CopyFiles */,
			);
			buildRules = (
			);
			dependencies = (
			);
			name = AtratoCLI;
			productName = AtratoCLI;
			productReference = 4D6F3AAE16CFE05000557DC1 /* aci */;
			productType = "com.apple.product-type.tool";
		};
/* End PBXNativeTarget section */

/* Begin PBXProject section */
		4D6F3AA516CFE05000557DC1 /* Project object */ = {
			isa = PBXProject;
			attributes = {
				ORGANIZATIONNAME = "Rootdev Enterprise";
			};
			buildConfigurationList = 4D6F3AA816CFE05000557DC1 /* Build configuration list for PBXProject "AtratoCLI" */;
			compatibilityVersion = "Xcode 3.2";
			developmentRegion = English;
			hasScannedForEncodings = 0;
			knownRegions = (
				en,
			);
			mainGroup = 4D6F3AA316CFE05000557DC1;
			productRefGroup = 4D6F3AAF16CFE05000557DC1 /* Products */;
			projectDirPath = "";
			projectRoot = "";
			targets = (
				4D6F3AAD16CFE05000557DC1 /* AtratoCLI */,
			);
		};
/* End PBXProject section */

/* Begin PBXSourcesBuildPhase section */
		4D6F3AAA16CFE05000557DC1 /* Sources */ = {
			isa = PBXSourcesBuildPhase;
			buildActionMask = 2147483647;
			files = (
				4D6F3AB316CFE05000557DC1 /* main.c in Sources */,
				4D6F3ABF16CFE30400557DC1 /* jsmn.c in Sources */,
				4D1FA77116D2CA9F00B9008B /* http.c in Sources */,
				4D1FA77716D3632700B9008B /* json.c in Sources */,
				4D46931716D402D3003755EC /* md5.c in Sources */,
				4D46931E16D41A50003755EC /* hash.c in Sources */,
				4D7D95A116D604DA003085ED /* api.c in Sources */,
				4DD6D09916EB9B1B00B23F46 /* strutils.c in Sources */,
				4D631D4A16FC4379001E2BD0 /* db.c in Sources */,
				4D631D4D16FC4454001E2BD0 /* sql.c in Sources */,
			);
			runOnlyForDeploymentPostprocessing = 0;
		};
/* End PBXSourcesBuildPhase section */

/* Begin XCBuildConfiguration section */
		4D6F3AB616CFE05000557DC1 /* Debug */ = {
			isa = XCBuildConfiguration;
			buildSettings = {
				ALWAYS_SEARCH_USER_PATHS = NO;
				ARCHS = "$(ARCHS_STANDARD_64_BIT)";
				COPY_PHASE_STRIP = NO;
				GCC_C_LANGUAGE_STANDARD = gnu99;
				GCC_DYNAMIC_NO_PIC = NO;
				GCC_ENABLE_OBJC_EXCEPTIONS = YES;
				GCC_OPTIMIZATION_LEVEL = 0;
				GCC_PREPROCESSOR_DEFINITIONS = (
					"DEBUG=1",
					"$(inherited)",
				);
				GCC_SYMBOLS_PRIVATE_EXTERN = NO;
				GCC_VERSION = com.apple.compilers.llvm.clang.1_0;
				GCC_WARN_64_TO_32_BIT_CONVERSION = YES;
				GCC_WARN_ABOUT_MISSING_PROTOTYPES = YES;
				GCC_WARN_ABOUT_RETURN_TYPE = YES;
				GCC_WARN_UNUSED_VARIABLE = YES;
				MACOSX_DEPLOYMENT_TARGET = 10.7;
				ONLY_ACTIVE_ARCH = YES;
				SDKROOT = macosx;
			};
			name = Debug;
		};
		4D6F3AB716CFE05000557DC1 /* Release */ = {
			isa = XCBuildConfiguration;
			buildSettings = {
				ALWAYS_SEARCH_USER_PATHS = NO;
				ARCHS = "$(ARCHS_STANDARD_64_BIT)";
				COPY_PHASE_STRIP = YES;
				DEBUG_INFORMATION_FORMAT = "dwarf-with-dsym";
				GCC_C_LANGUAGE_STANDARD = gnu99;
				GCC_ENABLE_OBJC_EXCEPTIONS = YES;
				GCC_VERSION = com.apple.compilers.llvm.clang.1_0;
				GCC_WARN_64_TO_32_BIT_CONVERSION = YES;
				GCC_WARN_ABOUT_MISSING_PROTOTYPES = YES;
				GCC_WARN_ABOUT_RETURN_TYPE = YES;
				GCC_WARN_UNUSED_VARIABLE = YES;
				MACOSX_DEPLOYMENT_TARGET = 10.7;
				PRODUCT_NAME = aci;
				SDKROOT = macosx;
			};
			name = Release;
		};
		4D6F3AB916CFE05000557DC1 /* Debug */ = {
			isa = XCBuildConfiguration;
			buildSettings = {
				PRODUCT_NAME = aci;
			};
			name = Debug;
		};
		4D6F3ABA16CFE05000557DC1 /* Release */ = {
			isa = XCBuildConfiguration;
			buildSettings = {
				PRODUCT_NAME = aci;
			};
			name = Release;
		};
/* End XCBuildConfiguration section */

/* Begin XCConfigurationList section */
		4D6F3AA816CFE05000557DC1 /* Build configuration list for PBXProject "AtratoCLI" */ = {
			isa = XCConfigurationList;
			buildConfigurations = (
				4D6F3AB616CFE05000557DC1 /* Debug */,
				4D6F3AB716CFE05000557DC1 /* Release */,
			);
			defaultConfigurationIsVisible = 0;
			defaultConfigurationName = Release;
		};
		4D6F3AB816CFE05000557DC1 /* Build configuration list for PBXNativeTarget "AtratoCLI" */ = {
			isa = XCConfigurationList;
			buildConfigurations = (
				4D6F3AB916CFE05000557DC1 /* Debug */,
				4D6F3ABA16CFE05000557DC1 /* Release */,
			);
			defaultConfigurationIsVisible = 0;
			defaultConfigurationName = Release;
		};
/* End XCConfigurationList section */
	};
	rootObject = 4D6F3AA516CFE05000557DC1 /* Project object */;
}
