// !$*UTF8*$!
{
	archiveVersion = 1;
	classes = {
	};
	objectVersion = 46;
	objects = {

/* Begin PBXBuildFile section */
		4D6F3AB316CFE05000557DC1 /* main.c in Sources */ = {isa = PBXBuildFile; fileRef = 4D6F3AB216CFE05000557DC1 /* main.c */; };
		4D6F3AB516CFE05000557DC1 /* AtratoCLI.1 in CopyFiles */ = {isa = PBXBuildFile; fileRef = 4D6F3AB416CFE05000557DC1 /* AtratoCLI.1 */; };
/* End PBXBuildFile section */

/* Begin PBXCopyFilesBuildPhase section */
		4D6F3AAC16CFE05000557DC1 /* CopyFiles */ = {
			isa = PBXCopyFilesBuildPhase;
			buildActionMask = 2147483647;
			dstPath = /usr/share/man/man1/;
			dstSubfolderSpec = 0;
			files = (
				4D6F3AB516CFE05000557DC1 /* AtratoCLI.1 in CopyFiles */,
			);
			runOnlyForDeploymentPostprocessing = 1;
		};
/* End PBXCopyFilesBuildPhase section */

/* Begin PBXFileReference section */
		4D6F3AAE16CFE05000557DC1 /* AtratoCLI */ = {isa = PBXFileReference; explicitFileType = "compiled.mach-o.executable"; includeInIndex = 0; path = AtratoCLI; sourceTree = BUILT_PRODUCTS_DIR; };
		4D6F3AB216CFE05000557DC1 /* main.c */ = {isa = PBXFileReference; lastKnownFileType = sourcecode.c.c; path = main.c; sourceTree = "<group>"; };
		4D6F3AB416CFE05000557DC1 /* AtratoCLI.1 */ = {isa = PBXFileReference; lastKnownFileType = text.man; path = AtratoCLI.1; sourceTree = "<group>"; };
/* End PBXFileReference section */

/* Begin PBXFrameworksBuildPhase section */
		4D6F3AAB16CFE05000557DC1 /* Frameworks */ = {
			isa = PBXFrameworksBuildPhase;
			buildActionMask = 2147483647;
			files = (
			);
			runOnlyForDeploymentPostprocessing = 0;
		};
/* End PBXFrameworksBuildPhase section */

/* Begin PBXGroup section */
		4D6F3AA316CFE05000557DC1 = {
			isa = PBXGroup;
			children = (
				4D6F3AB116CFE05000557DC1 /* AtratoCLI */,
				4D6F3AAF16CFE05000557DC1 /* Products */,
			);
			sourceTree = "<group>";
		};
		4D6F3AAF16CFE05000557DC1 /* Products */ = {
			isa = PBXGroup;
			children = (
				4D6F3AAE16CFE05000557DC1 /* AtratoCLI */,
			);
			name = Products;
			sourceTree = "<group>";
		};
		4D6F3AB116CFE05000557DC1 /* AtratoCLI */ = {
			isa = PBXGroup;
			children = (
				4D6F3AB216CFE05000557DC1 /* main.c */,
				4D6F3AB416CFE05000557DC1 /* AtratoCLI.1 */,
			);
			path = AtratoCLI;
			sourceTree = "<group>";
		};
/* End PBXGroup section */

/* Begin PBXNativeTarget section */
		4D6F3AAD16CFE05000557DC1 /* AtratoCLI */ = {
			isa = PBXNativeTarget;
			buildConfigurationList = 4D6F3AB816CFE05000557DC1 /* Build configuration list for PBXNativeTarget "AtratoCLI" */;
			buildPhases = (
				4D6F3AAA16CFE05000557DC1 /* Sources */,
				4D6F3AAB16CFE05000557DC1 /* Frameworks */,
				4D6F3AAC16CFE05000557DC1 /* CopyFiles */,
			);
			buildRules = (
			);
			dependencies = (
			);
			name = AtratoCLI;
			productName = AtratoCLI;
			productReference = 4D6F3AAE16CFE05000557DC1 /* AtratoCLI */;
			productType = "com.apple.product-type.tool";
		};
/* End PBXNativeTarget section */

/* Begin PBXProject section */
		4D6F3AA516CFE05000557DC1 /* Project object */ = {
			isa = PBXProject;
			attributes = {
				ORGANIZATIONNAME = "Rootdev Enterprise";
			};
			buildConfigurationList = 4D6F3AA816CFE05000557DC1 /* Build configuration list for PBXProject "AtratoCLI" */;
			compatibilityVersion = "Xcode 3.2";
			developmentRegion = English;
			hasScannedForEncodings = 0;
			knownRegions = (
				en,
			);
			mainGroup = 4D6F3AA316CFE05000557DC1;
			productRefGroup = 4D6F3AAF16CFE05000557DC1 /* Products */;
			projectDirPath = "";
			projectRoot = "";
			targets = (
				4D6F3AAD16CFE05000557DC1 /* AtratoCLI */,
			);
		};
/* End PBXProject section */

/* Begin PBXSourcesBuildPhase section */
		4D6F3AAA16CFE05000557DC1 /* Sources */ = {
			isa = PBXSourcesBuildPhase;
			buildActionMask = 2147483647;
			files = (
				4D6F3AB316CFE05000557DC1 /* main.c in Sources */,
			);
			runOnlyForDeploymentPostprocessing = 0;
		};
/* End PBXSourcesBuildPhase section */

/* Begin XCBuildConfiguration section */
		4D6F3AB616CFE05000557DC1 /* Debug */ = {
			isa = XCBuildConfiguration;
			buildSettings = {
				ALWAYS_SEARCH_USER_PATHS = NO;
				ARCHS = "$(ARCHS_STANDARD_64_BIT)";
				COPY_PHASE_STRIP = NO;
				GCC_C_LANGUAGE_STANDARD = gnu99;
				GCC_DYNAMIC_NO_PIC = NO;
				GCC_ENABLE_OBJC_EXCEPTIONS = YES;
				GCC_OPTIMIZATION_LEVEL = 0;
				GCC_PREPROCESSOR_DEFINITIONS = (
					"DEBUG=1",
					"$(inherited)",
				);
				GCC_SYMBOLS_PRIVATE_EXTERN = NO;
				GCC_VERSION = com.apple.compilers.llvm.clang.1_0;
				GCC_WARN_64_TO_32_BIT_CONVERSION = YES;
				GCC_WARN_ABOUT_MISSING_PROTOTYPES = YES;
				GCC_WARN_ABOUT_RETURN_TYPE = YES;
				GCC_WARN_UNUSED_VARIABLE = YES;
				MACOSX_DEPLOYMENT_TARGET = 10.7;
				ONLY_ACTIVE_ARCH = YES;
				SDKROOT = macosx;
			};
			name = Debug;
		};
		4D6F3AB716CFE05000557DC1 /* Release */ = {
			isa = XCBuildConfiguration;
			buildSettings = {
				ALWAYS_SEARCH_USER_PATHS = NO;
				ARCHS = "$(ARCHS_STANDARD_64_BIT)";
				COPY_PHASE_STRIP = YES;
				DEBUG_INFORMATION_FORMAT = "dwarf-with-dsym";
				GCC_C_LANGUAGE_STANDARD = gnu99;
				GCC_ENABLE_OBJC_EXCEPTIONS = YES;
				GCC_VERSION = com.apple.compilers.llvm.clang.1_0;
				GCC_WARN_64_TO_32_BIT_CONVERSION = YES;
				GCC_WARN_ABOUT_MISSING_PROTOTYPES = YES;
				GCC_WARN_ABOUT_RETURN_TYPE = YES;
				GCC_WARN_UNUSED_VARIABLE = YES;
				MACOSX_DEPLOYMENT_TARGET = 10.7;
				SDKROOT = macosx;
			};
			name = Release;
		};
		4D6F3AB916CFE05000557DC1 /* Debug */ = {
			isa = XCBuildConfiguration;
			buildSettings = {
				PRODUCT_NAME = "$(TARGET_NAME)";
			};
			name = Debug;
		};
		4D6F3ABA16CFE05000557DC1 /* Release */ = {
			isa = XCBuildConfiguration;
			buildSettings = {
				PRODUCT_NAME = "$(TARGET_NAME)";
			};
			name = Release;
		};
/* End XCBuildConfiguration section */

/* Begin XCConfigurationList section */
		4D6F3AA816CFE05000557DC1 /* Build configuration list for PBXProject "AtratoCLI" */ = {
			isa = XCConfigurationList;
			buildConfigurations = (
				4D6F3AB616CFE05000557DC1 /* Debug */,
				4D6F3AB716CFE05000557DC1 /* Release */,
			);
			defaultConfigurationIsVisible = 0;
			defaultConfigurationName = Release;
		};
		4D6F3AB816CFE05000557DC1 /* Build configuration list for PBXNativeTarget "AtratoCLI" */ = {
			isa = XCConfigurationList;
			buildConfigurations = (
				4D6F3AB916CFE05000557DC1 /* Debug */,
				4D6F3ABA16CFE05000557DC1 /* Release */,
			);
			defaultConfigurationIsVisible = 0;
		};
/* End XCConfigurationList section */
	};
	rootObject = 4D6F3AA516CFE05000557DC1 /* Project object */;
}
